{
  "name": "solid-principles__javascript",
  "version": "1.0.0",
  "lockfileVersion": 2,
  "requires": true,
  "packages": {
    "": {
      "version": "1.0.0",
      "license": "ISC",
      "dependencies": {
        "bottlejs": "^2.0.0",
        "node-fetch": "^2.6.1"
      }
    },
    "node_modules/bottlejs": {
      "version": "2.0.0",
      "resolved": "https://registry.npmjs.org/bottlejs/-/bottlejs-2.0.0.tgz",
      "integrity": "sha512-Qhz5dd1YPTOHw0gZ1a1WpJ/oEWsq09BMMbxczeAPgubISij+ZFfah7wfOlHFeFQpWLQkS9TGz5C54tV6v0BlFA=="
    },
    "node_modules/node-fetch": {
      "version": "2.6.1",
      "resolved": "https://registry.npmjs.org/node-fetch/-/node-fetch-2.6.1.tgz",
      "integrity": "sha512-V4aYg89jEoVRxRb2fJdAg8FHvI7cEyYdVAh94HH0UIK8oJxUfkjlDQN9RbMx+bEjP7+ggMiFRprSti032Oipxw==",
      "engines": {
        "node": "4.x || >=6.0.0"
      }
    }
  },
  "dependencies": {
    "bottlejs": {
      "version": "2.0.0",
      "resolved": "https://registry.npmjs.org/bottlejs/-/bottlejs-2.0.0.tgz",
      "integrity": "sha512-Qhz5dd1YPTOHw0gZ1a1WpJ/oEWsq09BMMbxczeAPgubISij+ZFfah7wfOlHFeFQpWLQkS9TGz5C54tV6v0BlFA=="
    },
    "node-fetch": {
      "version": "2.6.1",
      "resolved": "https://registry.npmjs.org/node-fetch/-/node-fetch-2.6.1.tgz",
      "integrity": "sha512-V4aYg89jEoVRxRb2fJdAg8FHvI7cEyYdVAh94HH0UIK8oJxUfkjlDQN9RbMx+bEjP7+ggMiFRprSti032Oipxw=="
    }
  }
}
