# THIS IS AN AUTOGENERATED FILE. DO NOT EDIT THIS FILE DIRECTLY.
# yarn lockfile v1


"bottlejs@^2.0.0":
  "integrity" "sha512-Qhz5dd1YPTOHw0gZ1a1WpJ/oEWsq09BMMbxczeAPgubISij+ZFfah7wfOlHFeFQpWLQkS9TGz5C54tV6v0BlFA=="
  "resolved" "https://registry.npmjs.org/bottlejs/-/bottlejs-2.0.0.tgz"
  "version" "2.0.0"

"node-fetch@^2.6.1":
  "integrity" "sha512-V4aYg89jEoVRxRb2fJdAg8FHvI7cEyYdVAh94HH0UIK8oJxUfkjlDQN9RbMx+bEjP7+ggMiFRprSti032Oipxw=="
  "resolved" "https://registry.npmjs.org/node-fetch/-/node-fetch-2.6.1.tgz"
  "version" "2.6.1"
